
Microsoft Visual Studio Solution File, Format Version 12.00
# Visual Studio 15
VisualStudioVersion = 15.0.27130.2010
MinimumVisualStudioVersion = 10.0.40219.1
Project("{9A19103F-16F7-4668-BE54-9A1E7A4F7556}") = "SudokuSolver", "SudokuSolver.csproj", "{750D17CF-E229-4109-8F1A-D0C39ACF92A5}"
EndProject
Global
	GlobalSection(SolutionConfigurationPlatforms) = preSolution
		Debug|Any CPU = Debug|Any CPU
		Release|Any CPU = Release|Any CPU
	EndGlobalSection
	GlobalSection(ProjectConfigurationPlatforms) = postSolution
		{750D17CF-E229-4109-8F1A-D0C39ACF92A5}.Debug|Any CPU.ActiveCfg = Debug|Any CPU
		{750D17CF-E229-4109-8F1A-D0C39ACF92A5}.Debug|Any CPU.Build.0 = Debug|Any CPU
		{750D17CF-E229-4109-8F1A-D0C39ACF92A5}.Release|Any CPU.ActiveCfg = Release|Any CPU
		{750D17CF-E229-4109-8F1A-D0C39ACF92A5}.Release|Any CPU.Build.0 = Release|Any CPU
	EndGlobalSection
	GlobalSection(SolutionProperties) = preSolution
		HideSolutionNode = FALSE
	EndGlobalSection
	GlobalSection(ExtensibilityGlobals) = postSolution
		SolutionGuid = {59F1A01A-8996-4B02-AEF9-5252D32BE998}
	EndGlobalSection
EndGlobal
